
Microsoft Visual Studio Solution File, Format Version 12.00
# Visual Studio Version 17
VisualStudioVersion = 17.14.36119.2
MinimumVisualStudioVersion = 10.0.40219.1
Project("{FAE04EC0-301F-11D3-BF4B-00C04F79EFBC}") = "SuperPlay.GameX.Shared", "SuperPlay.GameX.Shared\SuperPlay.GameX.Shared.csproj", "{1A062636-D51C-47D0-8381-D854B6254658}"
EndProject
Project("{FAE04EC0-301F-11D3-BF4B-00C04F79EFBC}") = "SuperPlay.GameX.Backend.GameServer", "SuperPlay.GameX.Backend.GameServer\SuperPlay.GameX.Backend.GameServer.csproj", "{0ADAE6A0-840F-4C18-A0E9-DB7E29E67B98}"
EndProject
Project("{FAE04EC0-301F-11D3-BF4B-00C04F79EFBC}") = "SuperPlay.GameX.Frontend.GameClient", "SuperPlay.GameX.Frontend.GameClient\SuperPlay.GameX.Frontend.GameClient.csproj", "{501C13C7-26E8-4F7E-BCE8-D5EA24ADD6AC}"
EndProject
Project("{FAE04EC0-301F-11D3-BF4B-00C04F79EFBC}") = "SuperPlay.GameX.Frontend.ConsoleGameClient", "SuperPlay.GameX.Frontend.ConsoleGameClient\SuperPlay.GameX.Frontend.ConsoleGameClient.csproj", "{FCC0ABDE-838E-4048-B155-DF7BBC0C167B}"
EndProject
Project("{FAE04EC0-301F-11D3-BF4B-00C04F79EFBC}") = "SuperPlay.GameX.Backend.GameServer.Tests", "SuperPlay.GameX.Backend.GameServer.Tests\SuperPlay.GameX.Backend.GameServer.Tests.csproj", "{CD62DFAE-997F-4F48-A293-CE3A7C5D6DA5}"
EndProject
Project("{FAE04EC0-301F-11D3-BF4B-00C04F79EFBC}") = "SuperPlay.GameX.Backend.GameServer.DslTests", "SuperPlay.GameX.Backend.GameServer.DslTests\SuperPlay.GameX.Backend.GameServer.DslTests.csproj", "{894BAD33-FCA0-44E6-9E87-D4DF0D39E85E}"
EndProject
Project("{FAE04EC0-301F-11D3-BF4B-00C04F79EFBC}") = "SuperPlay.GameX.Backend.GameServer.DslTests.Base", "SuperPlay.GameX.Backend.GameServer.DslTests.Base\SuperPlay.GameX.Backend.GameServer.DslTests.Base.csproj", "{7A771D97-9FC1-4E90-8F79-1A4086BBA898}"
EndProject
Project("{2150E333-8FDC-42A3-9474-1A3956D46DE8}") = "Testing", "Testing", "{DF7A1BF3-116A-4BBE-A7A4-3DD79CD1DD61}"
EndProject
Project("{2150E333-8FDC-42A3-9474-1A3956D46DE8}") = "RequestResponseFramework", "RequestResponseFramework", "{02EA681E-C7D8-13C7-8484-4AC65E1B71E8}"
EndProject
Project("{FAE04EC0-301F-11D3-BF4B-00C04F79EFBC}") = "RequestResponseFramework", "RequestResponseFramework\RequestResponseFramework.csproj", "{CB3FE815-0679-221D-DE77-9A74CE18741B}"
EndProject
Project("{FAE04EC0-301F-11D3-BF4B-00C04F79EFBC}") = "RequestResponseFramework.Client", "RequestResponseFramework.Client\RequestResponseFramework.Client.csproj", "{7E9FE9D4-AD3F-83F5-09CA-4D3445F9ED7E}"
EndProject
Project("{FAE04EC0-301F-11D3-BF4B-00C04F79EFBC}") = "RequestResponseFramework.Client.Http", "RequestResponseFramework.Client.Http\RequestResponseFramework.Client.Http.csproj", "{4D2BB26E-7729-BD18-B289-C4B8D1502624}"
EndProject
Project("{FAE04EC0-301F-11D3-BF4B-00C04F79EFBC}") = "RequestResponseFramework.Client.WebSockets", "RequestResponseFramework.Client.WebSockets\RequestResponseFramework.Client.WebSockets.csproj", "{4E5415D5-8602-E705-D402-6F17A2BCF095}"
EndProject
Project("{FAE04EC0-301F-11D3-BF4B-00C04F79EFBC}") = "RequestResponseFramework.Server", "RequestResponseFramework.Server\RequestResponseFramework.Server.csproj", "{BBECAD68-2B08-8315-34B1-9C75C84FA3A6}"
EndProject
Project("{FAE04EC0-301F-11D3-BF4B-00C04F79EFBC}") = "RequestResponseFramework.Server.Http", "RequestResponseFramework.Server.Http\RequestResponseFramework.Server.Http.csproj", "{F515EED6-1FD5-B4C2-F02C-A9DD408092B6}"
EndProject
Project("{FAE04EC0-301F-11D3-BF4B-00C04F79EFBC}") = "RequestResponseFramework.Server.WebSockets", "RequestResponseFramework.Server.WebSockets\RequestResponseFramework.Server.WebSockets.csproj", "{DD5721A0-56ED-0520-AC2D-C1E03C1D2F4B}"
EndProject
Project("{2150E333-8FDC-42A3-9474-1A3956D46DE8}") = "HttpSampleProject", "HttpSampleProject", "{1164DFB6-2872-477A-A925-BE5463CA1425}"
EndProject
Project("{FAE04EC0-301F-11D3-BF4B-00C04F79EFBC}") = "HttpSampleProject.Shared", "HttpSampleProject.Shared\HttpSampleProject.Shared.csproj", "{4D1B8BC4-5FF0-4822-BC40-C7C7EE9D4D66}"
EndProject
Project("{FAE04EC0-301F-11D3-BF4B-00C04F79EFBC}") = "HttpSampleProject.Backend", "HttpSampleProject.Backend\HttpSampleProject.Backend.csproj", "{8E68A8EC-7A43-4466-BA70-1E0B212C3F57}"
EndProject
Project("{FAE04EC0-301F-11D3-BF4B-00C04F79EFBC}") = "HttpSampleProject.Frontend", "HttpSampleProject.Frontend\HttpSampleProject.Frontend.csproj", "{2BD6D6EF-8832-4872-9F4C-B9A4D0FFA757}"
EndProject
Project("{2150E333-8FDC-42A3-9474-1A3956D46DE8}") = "Http", "Http", "{88421BA1-E637-4623-888B-A28117505394}"
EndProject
Project("{2150E333-8FDC-42A3-9474-1A3956D46DE8}") = "WebSockets", "WebSockets", "{399CA4AD-4BB0-4D50-8ABE-B470CAFF50A9}"
EndProject
Global
	GlobalSection(SolutionConfigurationPlatforms) = preSolution
		Debug|Any CPU = Debug|Any CPU
		Release|Any CPU = Release|Any CPU
	EndGlobalSection
	GlobalSection(ProjectConfigurationPlatforms) = postSolution
		{1A062636-D51C-47D0-8381-D854B6254658}.Debug|Any CPU.ActiveCfg = Debug|Any CPU
		{1A062636-D51C-47D0-8381-D854B6254658}.Debug|Any CPU.Build.0 = Debug|Any CPU
		{1A062636-D51C-47D0-8381-D854B6254658}.Release|Any CPU.ActiveCfg = Release|Any CPU
		{1A062636-D51C-47D0-8381-D854B6254658}.Release|Any CPU.Build.0 = Release|Any CPU
		{0ADAE6A0-840F-4C18-A0E9-DB7E29E67B98}.Debug|Any CPU.ActiveCfg = Debug|Any CPU
		{0ADAE6A0-840F-4C18-A0E9-DB7E29E67B98}.Debug|Any CPU.Build.0 = Debug|Any CPU
		{0ADAE6A0-840F-4C18-A0E9-DB7E29E67B98}.Release|Any CPU.ActiveCfg = Release|Any CPU
		{0ADAE6A0-840F-4C18-A0E9-DB7E29E67B98}.Release|Any CPU.Build.0 = Release|Any CPU
		{501C13C7-26E8-4F7E-BCE8-D5EA24ADD6AC}.Debug|Any CPU.ActiveCfg = Debug|Any CPU
		{501C13C7-26E8-4F7E-BCE8-D5EA24ADD6AC}.Debug|Any CPU.Build.0 = Debug|Any CPU
		{501C13C7-26E8-4F7E-BCE8-D5EA24ADD6AC}.Release|Any CPU.ActiveCfg = Release|Any CPU
		{501C13C7-26E8-4F7E-BCE8-D5EA24ADD6AC}.Release|Any CPU.Build.0 = Release|Any CPU
		{FCC0ABDE-838E-4048-B155-DF7BBC0C167B}.Debug|Any CPU.ActiveCfg = Debug|Any CPU
		{FCC0ABDE-838E-4048-B155-DF7BBC0C167B}.Debug|Any CPU.Build.0 = Debug|Any CPU
		{FCC0ABDE-838E-4048-B155-DF7BBC0C167B}.Release|Any CPU.ActiveCfg = Release|Any CPU
		{FCC0ABDE-838E-4048-B155-DF7BBC0C167B}.Release|Any CPU.Build.0 = Release|Any CPU
		{CD62DFAE-997F-4F48-A293-CE3A7C5D6DA5}.Debug|Any CPU.ActiveCfg = Debug|Any CPU
		{CD62DFAE-997F-4F48-A293-CE3A7C5D6DA5}.Debug|Any CPU.Build.0 = Debug|Any CPU
		{CD62DFAE-997F-4F48-A293-CE3A7C5D6DA5}.Release|Any CPU.ActiveCfg = Release|Any CPU
		{CD62DFAE-997F-4F48-A293-CE3A7C5D6DA5}.Release|Any CPU.Build.0 = Release|Any CPU
		{894BAD33-FCA0-44E6-9E87-D4DF0D39E85E}.Debug|Any CPU.ActiveCfg = Debug|Any CPU
		{894BAD33-FCA0-44E6-9E87-D4DF0D39E85E}.Debug|Any CPU.Build.0 = Debug|Any CPU
		{894BAD33-FCA0-44E6-9E87-D4DF0D39E85E}.Release|Any CPU.ActiveCfg = Release|Any CPU
		{894BAD33-FCA0-44E6-9E87-D4DF0D39E85E}.Release|Any CPU.Build.0 = Release|Any CPU
		{7A771D97-9FC1-4E90-8F79-1A4086BBA898}.Debug|Any CPU.ActiveCfg = Debug|Any CPU
		{7A771D97-9FC1-4E90-8F79-1A4086BBA898}.Debug|Any CPU.Build.0 = Debug|Any CPU
		{7A771D97-9FC1-4E90-8F79-1A4086BBA898}.Release|Any CPU.ActiveCfg = Release|Any CPU
		{7A771D97-9FC1-4E90-8F79-1A4086BBA898}.Release|Any CPU.Build.0 = Release|Any CPU
		{CB3FE815-0679-221D-DE77-9A74CE18741B}.Debug|Any CPU.ActiveCfg = Debug|Any CPU
		{CB3FE815-0679-221D-DE77-9A74CE18741B}.Debug|Any CPU.Build.0 = Debug|Any CPU
		{CB3FE815-0679-221D-DE77-9A74CE18741B}.Release|Any CPU.ActiveCfg = Release|Any CPU
		{CB3FE815-0679-221D-DE77-9A74CE18741B}.Release|Any CPU.Build.0 = Release|Any CPU
		{7E9FE9D4-AD3F-83F5-09CA-4D3445F9ED7E}.Debug|Any CPU.ActiveCfg = Debug|Any CPU
		{7E9FE9D4-AD3F-83F5-09CA-4D3445F9ED7E}.Debug|Any CPU.Build.0 = Debug|Any CPU
		{7E9FE9D4-AD3F-83F5-09CA-4D3445F9ED7E}.Release|Any CPU.ActiveCfg = Release|Any CPU
		{7E9FE9D4-AD3F-83F5-09CA-4D3445F9ED7E}.Release|Any CPU.Build.0 = Release|Any CPU
		{4D2BB26E-7729-BD18-B289-C4B8D1502624}.Debug|Any CPU.ActiveCfg = Debug|Any CPU
		{4D2BB26E-7729-BD18-B289-C4B8D1502624}.Debug|Any CPU.Build.0 = Debug|Any CPU
		{4D2BB26E-7729-BD18-B289-C4B8D1502624}.Release|Any CPU.ActiveCfg = Release|Any CPU
		{4D2BB26E-7729-BD18-B289-C4B8D1502624}.Release|Any CPU.Build.0 = Release|Any CPU
		{4E5415D5-8602-E705-D402-6F17A2BCF095}.Debug|Any CPU.ActiveCfg = Debug|Any CPU
		{4E5415D5-8602-E705-D402-6F17A2BCF095}.Debug|Any CPU.Build.0 = Debug|Any CPU
		{4E5415D5-8602-E705-D402-6F17A2BCF095}.Release|Any CPU.ActiveCfg = Release|Any CPU
		{4E5415D5-8602-E705-D402-6F17A2BCF095}.Release|Any CPU.Build.0 = Release|Any CPU
		{BBECAD68-2B08-8315-34B1-9C75C84FA3A6}.Debug|Any CPU.ActiveCfg = Debug|Any CPU
		{BBECAD68-2B08-8315-34B1-9C75C84FA3A6}.Debug|Any CPU.Build.0 = Debug|Any CPU
		{BBECAD68-2B08-8315-34B1-9C75C84FA3A6}.Release|Any CPU.ActiveCfg = Release|Any CPU
		{BBECAD68-2B08-8315-34B1-9C75C84FA3A6}.Release|Any CPU.Build.0 = Release|Any CPU
		{F515EED6-1FD5-B4C2-F02C-A9DD408092B6}.Debug|Any CPU.ActiveCfg = Debug|Any CPU
		{F515EED6-1FD5-B4C2-F02C-A9DD408092B6}.Debug|Any CPU.Build.0 = Debug|Any CPU
		{F515EED6-1FD5-B4C2-F02C-A9DD408092B6}.Release|Any CPU.ActiveCfg = Release|Any CPU
		{F515EED6-1FD5-B4C2-F02C-A9DD408092B6}.Release|Any CPU.Build.0 = Release|Any CPU
		{DD5721A0-56ED-0520-AC2D-C1E03C1D2F4B}.Debug|Any CPU.ActiveCfg = Debug|Any CPU
		{DD5721A0-56ED-0520-AC2D-C1E03C1D2F4B}.Debug|Any CPU.Build.0 = Debug|Any CPU
		{DD5721A0-56ED-0520-AC2D-C1E03C1D2F4B}.Release|Any CPU.ActiveCfg = Release|Any CPU
		{DD5721A0-56ED-0520-AC2D-C1E03C1D2F4B}.Release|Any CPU.Build.0 = Release|Any CPU
		{4D1B8BC4-5FF0-4822-BC40-C7C7EE9D4D66}.Debug|Any CPU.ActiveCfg = Debug|Any CPU
		{4D1B8BC4-5FF0-4822-BC40-C7C7EE9D4D66}.Debug|Any CPU.Build.0 = Debug|Any CPU
		{4D1B8BC4-5FF0-4822-BC40-C7C7EE9D4D66}.Release|Any CPU.ActiveCfg = Release|Any CPU
		{4D1B8BC4-5FF0-4822-BC40-C7C7EE9D4D66}.Release|Any CPU.Build.0 = Release|Any CPU
		{8E68A8EC-7A43-4466-BA70-1E0B212C3F57}.Debug|Any CPU.ActiveCfg = Debug|Any CPU
		{8E68A8EC-7A43-4466-BA70-1E0B212C3F57}.Debug|Any CPU.Build.0 = Debug|Any CPU
		{8E68A8EC-7A43-4466-BA70-1E0B212C3F57}.Release|Any CPU.ActiveCfg = Release|Any CPU
		{8E68A8EC-7A43-4466-BA70-1E0B212C3F57}.Release|Any CPU.Build.0 = Release|Any CPU
		{2BD6D6EF-8832-4872-9F4C-B9A4D0FFA757}.Debug|Any CPU.ActiveCfg = Debug|Any CPU
		{2BD6D6EF-8832-4872-9F4C-B9A4D0FFA757}.Debug|Any CPU.Build.0 = Debug|Any CPU
		{2BD6D6EF-8832-4872-9F4C-B9A4D0FFA757}.Release|Any CPU.ActiveCfg = Release|Any CPU
		{2BD6D6EF-8832-4872-9F4C-B9A4D0FFA757}.Release|Any CPU.Build.0 = Release|Any CPU
	EndGlobalSection
	GlobalSection(SolutionProperties) = preSolution
		HideSolutionNode = FALSE
	EndGlobalSection
	GlobalSection(NestedProjects) = preSolution
		{FCC0ABDE-838E-4048-B155-DF7BBC0C167B} = {DF7A1BF3-116A-4BBE-A7A4-3DD79CD1DD61}
		{CD62DFAE-997F-4F48-A293-CE3A7C5D6DA5} = {DF7A1BF3-116A-4BBE-A7A4-3DD79CD1DD61}
		{894BAD33-FCA0-44E6-9E87-D4DF0D39E85E} = {DF7A1BF3-116A-4BBE-A7A4-3DD79CD1DD61}
		{7A771D97-9FC1-4E90-8F79-1A4086BBA898} = {DF7A1BF3-116A-4BBE-A7A4-3DD79CD1DD61}
		{CB3FE815-0679-221D-DE77-9A74CE18741B} = {02EA681E-C7D8-13C7-8484-4AC65E1B71E8}
		{7E9FE9D4-AD3F-83F5-09CA-4D3445F9ED7E} = {02EA681E-C7D8-13C7-8484-4AC65E1B71E8}
		{4D2BB26E-7729-BD18-B289-C4B8D1502624} = {88421BA1-E637-4623-888B-A28117505394}
		{4E5415D5-8602-E705-D402-6F17A2BCF095} = {399CA4AD-4BB0-4D50-8ABE-B470CAFF50A9}
		{BBECAD68-2B08-8315-34B1-9C75C84FA3A6} = {02EA681E-C7D8-13C7-8484-4AC65E1B71E8}
		{F515EED6-1FD5-B4C2-F02C-A9DD408092B6} = {88421BA1-E637-4623-888B-A28117505394}
		{DD5721A0-56ED-0520-AC2D-C1E03C1D2F4B} = {399CA4AD-4BB0-4D50-8ABE-B470CAFF50A9}
		{1164DFB6-2872-477A-A925-BE5463CA1425} = {88421BA1-E637-4623-888B-A28117505394}
		{4D1B8BC4-5FF0-4822-BC40-C7C7EE9D4D66} = {1164DFB6-2872-477A-A925-BE5463CA1425}
		{8E68A8EC-7A43-4466-BA70-1E0B212C3F57} = {1164DFB6-2872-477A-A925-BE5463CA1425}
		{2BD6D6EF-8832-4872-9F4C-B9A4D0FFA757} = {1164DFB6-2872-477A-A925-BE5463CA1425}
		{88421BA1-E637-4623-888B-A28117505394} = {02EA681E-C7D8-13C7-8484-4AC65E1B71E8}
		{399CA4AD-4BB0-4D50-8ABE-B470CAFF50A9} = {02EA681E-C7D8-13C7-8484-4AC65E1B71E8}
	EndGlobalSection
	GlobalSection(ExtensibilityGlobals) = postSolution
		SolutionGuid = {87C461EC-2A6A-4C63-937C-642B68A63585}
	EndGlobalSection
EndGlobal
